
Microsoft Visual Studio Solution File, Format Version 12.00
# Visual Studio Express 14 for Windows Desktop
VisualStudioVersion = 14.0.23107.0
MinimumVisualStudioVersion = 10.0.40219.1
Project("{FAE04EC0-301F-11D3-BF4B-00C04F79EFBC}") = "visualstudiotest", "visualstudiotest\visualstudiotest.csproj", "{DAF2A225-8614-47DB-811C-CB9B9F250CFF}"
EndProject
Global
	GlobalSection(SolutionConfigurationPlatforms) = preSolution
		Debug|Any CPU = Debug|Any CPU
		Release|Any CPU = Release|Any CPU
	EndGlobalSection
	GlobalSection(ProjectConfigurationPlatforms) = postSolution
		{DAF2A225-8614-47DB-811C-CB9B9F250CFF}.Debug|Any CPU.ActiveCfg = Debug|Any CPU
		{DAF2A225-8614-47DB-811C-CB9B9F250CFF}.Debug|Any CPU.Build.0 = Debug|Any CPU
		{DAF2A225-8614-47DB-811C-CB9B9F250CFF}.Release|Any CPU.ActiveCfg = Release|Any CPU
		{DAF2A225-8614-47DB-811C-CB9B9F250CFF}.Release|Any CPU.Build.0 = Release|Any CPU
	EndGlobalSection
	GlobalSection(SolutionProperties) = preSolution
		HideSolutionNode = FALSE
	EndGlobalSection
EndGlobal
